
Microsoft Visual Studio Solution File, Format Version 12.00
# Visual Studio Version 16
VisualStudioVersion = 16.0.29306.81
MinimumVisualStudioVersion = 10.0.40219.1
Project("{FAE04EC0-301F-11D3-BF4B-00C04F79EFBC}") = "MathApp", "MathApp\MathApp.csproj", "{68949B17-CF1E-4DF9-8D3B-EE2EA6D104CF}"
EndProject
Global
	GlobalSection(SolutionConfigurationPlatforms) = preSolution
		Debug|Any CPU = Debug|Any CPU
		Release|Any CPU = Release|Any CPU
	EndGlobalSection
	GlobalSection(ProjectConfigurationPlatforms) = postSolution
		{68949B17-CF1E-4DF9-8D3B-EE2EA6D104CF}.Debug|Any CPU.ActiveCfg = Debug|Any CPU
		{68949B17-CF1E-4DF9-8D3B-EE2EA6D104CF}.Debug|Any CPU.Build.0 = Debug|Any CPU
		{68949B17-CF1E-4DF9-8D3B-EE2EA6D104CF}.Release|Any CPU.ActiveCfg = Release|Any CPU
		{68949B17-CF1E-4DF9-8D3B-EE2EA6D104CF}.Release|Any CPU.Build.0 = Release|Any CPU
	EndGlobalSection
	GlobalSection(SolutionProperties) = preSolution
		HideSolutionNode = FALSE
	EndGlobalSection
	GlobalSection(ExtensibilityGlobals) = postSolution
		SolutionGuid = {AC334F1B-8D20-44B4-9460-84916CE7971D}
	EndGlobalSection
EndGlobal
